// !$*UTF8*$!
{
	archiveVersion = 1;
	classes = {
	};
	objectVersion = 46;
	objects = {

/* Begin PBXBuildFile section */
		266B6B051F3EF20600E2A20D /* AppDelegate.swift in Sources */ = {isa = PBXBuildFile; fileRef = 266B6B041F3EF20600E2A20D /* AppDelegate.swift */; };
		266B6B0A1F3EF20600E2A20D /* Main.storyboard in Resources */ = {isa = PBXBuildFile; fileRef = 266B6B081F3EF20600E2A20D /* Main.storyboard */; };
		266B6B0C1F3EF20600E2A20D /* Assets.xcassets in Resources */ = {isa = PBXBuildFile; fileRef = 266B6B0B1F3EF20600E2A20D /* Assets.xcassets */; };
		266B6B0F1F3EF20600E2A20D /* LaunchScreen.storyboard in Resources */ = {isa = PBXBuildFile; fileRef = 266B6B0D1F3EF20600E2A20D /* LaunchScreen.storyboard */; };
		266B6B251F3EF20600E2A20D /* GitHubBrowserUITests.swift in Sources */ = {isa = PBXBuildFile; fileRef = 266B6B241F3EF20600E2A20D /* GitHubBrowserUITests.swift */; };
		266B6B361F3EF63500E2A20D /* Alamofire.framework in Frameworks */ = {isa = PBXBuildFile; fileRef = 266B6B331F3EF63500E2A20D /* Alamofire.framework */; };
		266B6B381F3EF63500E2A20D /* SDWebImage.framework in Frameworks */ = {isa = PBXBuildFile; fileRef = 266B6B351F3EF63500E2A20D /* SDWebImage.framework */; };
		266B6B3B1F3F39A700E2A20D /* ReposCollectionViewModel.swift in Sources */ = {isa = PBXBuildFile; fileRef = 266B6B3A1F3F39A700E2A20D /* ReposCollectionViewModel.swift */; };
		266B6B3E1F3F39D000E2A20D /* RepoPreviewCellViewModel.swift in Sources */ = {isa = PBXBuildFile; fileRef = 266B6B3D1F3F39D000E2A20D /* RepoPreviewCellViewModel.swift */; };
		266B6B411F3F41CA00E2A20D /* RepoDetailViewModel.swift in Sources */ = {isa = PBXBuildFile; fileRef = 266B6B401F3F41CA00E2A20D /* RepoDetailViewModel.swift */; };
		266B6B441F3F42A900E2A20D /* ReposCollectionViewController.swift in Sources */ = {isa = PBXBuildFile; fileRef = 266B6B431F3F42A900E2A20D /* ReposCollectionViewController.swift */; };
		266B6B461F3F42C600E2A20D /* RepoDetailCollectionViewController.swift in Sources */ = {isa = PBXBuildFile; fileRef = 266B6B451F3F42C600E2A20D /* RepoDetailCollectionViewController.swift */; };
		266B6B481F405CFB00E2A20D /* CoreCoordinator.swift in Sources */ = {isa = PBXBuildFile; fileRef = 266B6B471F405CFB00E2A20D /* CoreCoordinator.swift */; };
		266B6B4B1F405EEF00E2A20D /* Coordinator.swift in Sources */ = {isa = PBXBuildFile; fileRef = 266B6B4A1F405EEF00E2A20D /* Coordinator.swift */; };
		266B6B4D1F40663600E2A20D /* RootContainerViewController.swift in Sources */ = {isa = PBXBuildFile; fileRef = 266B6B4C1F40663600E2A20D /* RootContainerViewController.swift */; };
		266B6B4F1F40684E00E2A20D /* Cartography.framework in Frameworks */ = {isa = PBXBuildFile; fileRef = 266B6B4E1F40684E00E2A20D /* Cartography.framework */; };
		266B6B521F40711900E2A20D /* StoryboardInstantiable.swift in Sources */ = {isa = PBXBuildFile; fileRef = 266B6B511F40711900E2A20D /* StoryboardInstantiable.swift */; };
		266B6B651F40A6FF00E2A20D /* RepoPreviewCollectionViewCell.swift in Sources */ = {isa = PBXBuildFile; fileRef = 266B6B631F40A6FF00E2A20D /* RepoPreviewCollectionViewCell.swift */; };
		266B6B661F40A6FF00E2A20D /* RepoPreviewCollectionViewCell.xib in Resources */ = {isa = PBXBuildFile; fileRef = 266B6B641F40A6FF00E2A20D /* RepoPreviewCollectionViewCell.xib */; };
		266B6B691F40A71D00E2A20D /* RepoHeaderCollectionViewCell.swift in Sources */ = {isa = PBXBuildFile; fileRef = 266B6B671F40A71D00E2A20D /* RepoHeaderCollectionViewCell.swift */; };
		266B6B6A1F40A71D00E2A20D /* RepoHeaderCollectionViewCell.xib in Resources */ = {isa = PBXBuildFile; fileRef = 266B6B681F40A71D00E2A20D /* RepoHeaderCollectionViewCell.xib */; };
		266B6B6F1F40A7F400E2A20D /* RepoSearchCollectionViewCell.swift in Sources */ = {isa = PBXBuildFile; fileRef = 266B6B6D1F40A7F400E2A20D /* RepoSearchCollectionViewCell.swift */; };
		266B6B701F40A7F400E2A20D /* RepoSearchCollectionViewCell.xib in Resources */ = {isa = PBXBuildFile; fileRef = 266B6B6E1F40A7F400E2A20D /* RepoSearchCollectionViewCell.xib */; };
		266B6B7C1F40ED2400E2A20D /* ReposCollectionViewModelTests.swift in Sources */ = {isa = PBXBuildFile; fileRef = 266B6B7B1F40ED2400E2A20D /* ReposCollectionViewModelTests.swift */; };
		266B6B7E1F40EE1900E2A20D /* TestModels.swift in Sources */ = {isa = PBXBuildFile; fileRef = 266B6B7D1F40EE1900E2A20D /* TestModels.swift */; };
		266B6B851F40F56E00E2A20D /* RepoPreviewCellViewModelTests.swift in Sources */ = {isa = PBXBuildFile; fileRef = 266B6B841F40F56E00E2A20D /* RepoPreviewCellViewModelTests.swift */; };
		266B6B8C1F410F0C00E2A20D /* RepoForkCollectionViewCell.swift in Sources */ = {isa = PBXBuildFile; fileRef = 266B6B8A1F410F0C00E2A20D /* RepoForkCollectionViewCell.swift */; };
		266B6B8D1F410F0C00E2A20D /* RepoForkCollectionViewCell.xib in Resources */ = {isa = PBXBuildFile; fileRef = 266B6B8B1F410F0C00E2A20D /* RepoForkCollectionViewCell.xib */; };
		266B6B911F410F3A00E2A20D /* RepoNameCollectionViewCell.swift in Sources */ = {isa = PBXBuildFile; fileRef = 266B6B8F1F410F3A00E2A20D /* RepoNameCollectionViewCell.swift */; };
		266B6B921F410F3A00E2A20D /* RepoNameCollectionViewCell.xib in Resources */ = {isa = PBXBuildFile; fileRef = 266B6B901F410F3A00E2A20D /* RepoNameCollectionViewCell.xib */; };
		266B6B951F410F5D00E2A20D /* RepoOwnerCollectionViewCell.swift in Sources */ = {isa = PBXBuildFile; fileRef = 266B6B931F410F5D00E2A20D /* RepoOwnerCollectionViewCell.swift */; };
		266B6B961F410F5D00E2A20D /* RepoOwnerCollectionViewCell.xib in Resources */ = {isa = PBXBuildFile; fileRef = 266B6B941F410F5D00E2A20D /* RepoOwnerCollectionViewCell.xib */; };
		266B6B991F410FA300E2A20D /* RepoCountsCollectionViewCell.swift in Sources */ = {isa = PBXBuildFile; fileRef = 266B6B971F410FA300E2A20D /* RepoCountsCollectionViewCell.swift */; };
		266B6B9A1F410FA300E2A20D /* RepoCountsCollectionViewCell.xib in Resources */ = {isa = PBXBuildFile; fileRef = 266B6B981F410FA300E2A20D /* RepoCountsCollectionViewCell.xib */; };
		266B6B9C1F4116F200E2A20D /* RepoDetailCellViewModel.swift in Sources */ = {isa = PBXBuildFile; fileRef = 266B6B9B1F4116F200E2A20D /* RepoDetailCellViewModel.swift */; };
		266B6B9F1F41286900E2A20D /* RepoDetailCellViewModelTests.swift in Sources */ = {isa = PBXBuildFile; fileRef = 266B6B9E1F41286900E2A20D /* RepoDetailCellViewModelTests.swift */; };
		26829D571F49A1C90024BA30 /* Fixture.swift in Sources */ = {isa = PBXBuildFile; fileRef = 26829D561F49A1C90024BA30 /* Fixture.swift */; };
		26829D591F49A1D90024BA30 /* HTTPStub.swift in Sources */ = {isa = PBXBuildFile; fileRef = 26829D581F49A1D90024BA30 /* HTTPStub.swift */; };
		26829D5C1F49BE5F0024BA30 /* Alamofire.framework in Frameworks */ = {isa = PBXBuildFile; fileRef = 266B6B331F3EF63500E2A20D /* Alamofire.framework */; };
		26829D5E1F49C0AA0024BA30 /* Alamofire.framework in Frameworks */ = {isa = PBXBuildFile; fileRef = 266B6B331F3EF63500E2A20D /* Alamofire.framework */; };
		26829D5F1F49C3220024BA30 /* GitHubClient.framework in Frameworks */ = {isa = PBXBuildFile; fileRef = 26C3FD7C1F4200A10021827D /* GitHubClient.framework */; };
		26829D621F49CA760024BA30 /* GitHubClient.framework in Resources */ = {isa = PBXBuildFile; fileRef = 26C3FD7C1F4200A10021827D /* GitHubClient.framework */; };
		26829D641F49D1E80024BA30 /* SwiftCheck.framework in Frameworks */ = {isa = PBXBuildFile; fileRef = 26829D631F49D1E80024BA30 /* SwiftCheck.framework */; };
		26829D661F49D2930024BA30 /* ModelTests.swift in Sources */ = {isa = PBXBuildFile; fileRef = 26829D651F49D2930024BA30 /* ModelTests.swift */; };
		26C3FD731F41DA790021827D /* repositories.json in Resources */ = {isa = PBXBuildFile; fileRef = 26C3FD721F41DA790021827D /* repositories.json */; };
		26C3FD751F41DBA60021827D /* repos-mojombo-grit.json in Resources */ = {isa = PBXBuildFile; fileRef = 26C3FD741F41DBA60021827D /* repos-mojombo-grit.json */; };
		26C3FD851F4200A10021827D /* GitHubClient.framework in Frameworks */ = {isa = PBXBuildFile; fileRef = 26C3FD7C1F4200A10021827D /* GitHubClient.framework */; };
		26C3FD8C1F4200A10021827D /* GitHubClientTests.swift in Sources */ = {isa = PBXBuildFile; fileRef = 26C3FD8B1F4200A10021827D /* GitHubClientTests.swift */; };
		26C3FD8E1F4200A10021827D /* GitHubClient.h in Headers */ = {isa = PBXBuildFile; fileRef = 26C3FD7E1F4200A10021827D /* GitHubClient.h */; settings = {ATTRIBUTES = (Public, ); }; };
		26C3FD911F4200A10021827D /* GitHubClient.framework in Frameworks */ = {isa = PBXBuildFile; fileRef = 26C3FD7C1F4200A10021827D /* GitHubClient.framework */; };
		26C3FD921F4200A10021827D /* GitHubClient.framework in Embed Frameworks */ = {isa = PBXBuildFile; fileRef = 26C3FD7C1F4200A10021827D /* GitHubClient.framework */; settings = {ATTRIBUTES = (CodeSignOnCopy, RemoveHeadersOnCopy, ); }; };
		26C3FD9A1F4200D90021827D /* Repo.swift in Sources */ = {isa = PBXBuildFile; fileRef = 266B6B591F407D2500E2A20D /* Repo.swift */; };
		26C3FD9B1F4200DE0021827D /* Owner.swift in Sources */ = {isa = PBXBuildFile; fileRef = 266B6B711F40D85600E2A20D /* Owner.swift */; };
		26C3FD9C1F4200E10021827D /* RepoDetailed.swift in Sources */ = {isa = PBXBuildFile; fileRef = 266B6B871F41051D00E2A20D /* RepoDetailed.swift */; };
		26C3FD9D1F4200E60021827D /* GitHubDataSource.swift in Sources */ = {isa = PBXBuildFile; fileRef = 266B6B541F40799900E2A20D /* GitHubDataSource.swift */; };
		26C3FD9E1F4201550021827D /* Himotoki.framework in Frameworks */ = {isa = PBXBuildFile; fileRef = 266B6B341F3EF63500E2A20D /* Himotoki.framework */; };
		26C3FDA21F421D6C0021827D /* users-mojombo.json in Resources */ = {isa = PBXBuildFile; fileRef = 26C3FDA11F421D6C0021827D /* users-mojombo.json */; };
		26C3FDA91F42288A0021827D /* repositories.json in Resources */ = {isa = PBXBuildFile; fileRef = 26C3FD721F41DA790021827D /* repositories.json */; };
		26C3FDAA1F42288B0021827D /* repos-mojombo-grit.json in Resources */ = {isa = PBXBuildFile; fileRef = 26C3FD741F41DBA60021827D /* repos-mojombo-grit.json */; };
		26C3FDAB1F42288B0021827D /* users-mojombo.json in Resources */ = {isa = PBXBuildFile; fileRef = 26C3FDA11F421D6C0021827D /* users-mojombo.json */; };
		26C3FDBB1F423A170021827D /* Nimble.framework in Frameworks */ = {isa = PBXBuildFile; fileRef = 26C3FDB91F423A170021827D /* Nimble.framework */; };
		26C3FDBC1F423A170021827D /* Quick.framework in Frameworks */ = {isa = PBXBuildFile; fileRef = 26C3FDBA1F423A170021827D /* Quick.framework */; };
		26C3FDBE1F42407B0021827D /* Nimble.framework in Frameworks */ = {isa = PBXBuildFile; fileRef = 26C3FDB91F423A170021827D /* Nimble.framework */; };
		26C3FDBF1F42407B0021827D /* Quick.framework in Frameworks */ = {isa = PBXBuildFile; fileRef = 26C3FDBA1F423A170021827D /* Quick.framework */; };
		26C3FDC21F4246CC0021827D /* JAMUITestHelper.swift in Sources */ = {isa = PBXBuildFile; fileRef = 26C3FDC11F4246CC0021827D /* JAMUITestHelper.swift */; };
		26C3FDC71F43537B0021827D /* CoordinatorTests.swift in Sources */ = {isa = PBXBuildFile; fileRef = 26C3FDC61F43537B0021827D /* CoordinatorTests.swift */; };
/* End PBXBuildFile section */

/* Begin PBXContainerItemProxy section */
		266B6B161F3EF20600E2A20D /* PBXContainerItemProxy */ = {
			isa = PBXContainerItemProxy;
			containerPortal = 266B6AF91F3EF20600E2A20D /* Project object */;
			proxyType = 1;
			remoteGlobalIDString = 266B6B001F3EF20600E2A20D;
			remoteInfo = GitHubBrowser;
		};
		266B6B211F3EF20600E2A20D /* PBXContainerItemProxy */ = {
			isa = PBXContainerItemProxy;
			containerPortal = 266B6AF91F3EF20600E2A20D /* Project object */;
			proxyType = 1;
			remoteGlobalIDString = 266B6B001F3EF20600E2A20D;
			remoteInfo = GitHubBrowser;
		};
		26829D601F49C6140024BA30 /* PBXContainerItemProxy */ = {
			isa = PBXContainerItemProxy;
			containerPortal = 266B6AF91F3EF20600E2A20D /* Project object */;
			proxyType = 1;
			remoteGlobalIDString = 26C3FD7B1F4200A10021827D;
			remoteInfo = GitHubClient;
		};
		26C3FD861F4200A10021827D /* PBXContainerItemProxy */ = {
			isa = PBXContainerItemProxy;
			containerPortal = 266B6AF91F3EF20600E2A20D /* Project object */;
			proxyType = 1;
			remoteGlobalIDString = 26C3FD7B1F4200A10021827D;
			remoteInfo = GitHubClient;
		};
		26C3FD881F4200A10021827D /* PBXContainerItemProxy */ = {
			isa = PBXContainerItemProxy;
			containerPortal = 266B6AF91F3EF20600E2A20D /* Project object */;
			proxyType = 1;
			remoteGlobalIDString = 266B6B001F3EF20600E2A20D;
			remoteInfo = GitHubBrowser;
		};
		26C3FD8F1F4200A10021827D /* PBXContainerItemProxy */ = {
			isa = PBXContainerItemProxy;
			containerPortal = 266B6AF91F3EF20600E2A20D /* Project object */;
			proxyType = 1;
			remoteGlobalIDString = 26C3FD7B1F4200A10021827D;
			remoteInfo = GitHubClient;
		};
/* End PBXContainerItemProxy section */

/* Begin PBXCopyFilesBuildPhase section */
		266B6B7F1F40F20400E2A20D /* CopyFiles */ = {
			isa = PBXCopyFilesBuildPhase;
			buildActionMask = 2147483647;
			dstPath = "";
			dstSubfolderSpec = 10;
			files = (
			);
			runOnlyForDeploymentPostprocessing = 0;
		};
		26C3FD961F4200A10021827D /* Embed Frameworks */ = {
			isa = PBXCopyFilesBuildPhase;
			buildActionMask = 2147483647;
			dstPath = "";
			dstSubfolderSpec = 10;
			files = (
				26C3FD921F4200A10021827D /* GitHubClient.framework in Embed Frameworks */,
			);
			name = "Embed Frameworks";
			runOnlyForDeploymentPostprocessing = 0;
		};
		26C3FDAC1F4228900021827D /* CopyFiles */ = {
			isa = PBXCopyFilesBuildPhase;
			buildActionMask = 2147483647;
			dstPath = "";
			dstSubfolderSpec = 7;
			files = (
			);
			runOnlyForDeploymentPostprocessing = 0;
		};
/* End PBXCopyFilesBuildPhase section */

/* Begin PBXFileReference section */
		266B6B011F3EF20600E2A20D /* GitHubBrowser.app */ = {isa = PBXFileReference; explicitFileType = wrapper.application; includeInIndex = 0; path = GitHubBrowser.app; sourceTree = BUILT_PRODUCTS_DIR; };
		266B6B041F3EF20600E2A20D /* AppDelegate.swift */ = {isa = PBXFileReference; lastKnownFileType = sourcecode.swift; path = AppDelegate.swift; sourceTree = "<group>"; };
		266B6B091F3EF20600E2A20D /* Base */ = {isa = PBXFileReference; lastKnownFileType = file.storyboard; name = Base; path = Base.lproj/Main.storyboard; sourceTree = "<group>"; };
		266B6B0B1F3EF20600E2A20D /* Assets.xcassets */ = {isa = PBXFileReference; lastKnownFileType = folder.assetcatalog; path = Assets.xcassets; sourceTree = "<group>"; };
		266B6B0E1F3EF20600E2A20D /* Base */ = {isa = PBXFileReference; lastKnownFileType = file.storyboard; name = Base; path = Base.lproj/LaunchScreen.storyboard; sourceTree = "<group>"; };
		266B6B101F3EF20600E2A20D /* Info.plist */ = {isa = PBXFileReference; lastKnownFileType = text.plist.xml; path = Info.plist; sourceTree = "<group>"; };
		266B6B151F3EF20600E2A20D /* GitHubBrowserTests.xctest */ = {isa = PBXFileReference; explicitFileType = wrapper.cfbundle; includeInIndex = 0; path = GitHubBrowserTests.xctest; sourceTree = BUILT_PRODUCTS_DIR; };
		266B6B1B1F3EF20600E2A20D /* Info.plist */ = {isa = PBXFileReference; lastKnownFileType = text.plist.xml; path = Info.plist; sourceTree = "<group>"; };
		266B6B201F3EF20600E2A20D /* GitHubBrowserUITests.xctest */ = {isa = PBXFileReference; explicitFileType = wrapper.cfbundle; includeInIndex = 0; path = GitHubBrowserUITests.xctest; sourceTree = BUILT_PRODUCTS_DIR; };
		266B6B241F3EF20600E2A20D /* GitHubBrowserUITests.swift */ = {isa = PBXFileReference; lastKnownFileType = sourcecode.swift; path = GitHubBrowserUITests.swift; sourceTree = "<group>"; };
		266B6B261F3EF20600E2A20D /* Info.plist */ = {isa = PBXFileReference; lastKnownFileType = text.plist.xml; path = Info.plist; sourceTree = "<group>"; };
		266B6B331F3EF63500E2A20D /* Alamofire.framework */ = {isa = PBXFileReference; lastKnownFileType = wrapper.framework; name = Alamofire.framework; path = Carthage/Build/iOS/Alamofire.framework; sourceTree = "<group>"; };
		266B6B341F3EF63500E2A20D /* Himotoki.framework */ = {isa = PBXFileReference; lastKnownFileType = wrapper.framework; name = Himotoki.framework; path = Carthage/Build/iOS/Himotoki.framework; sourceTree = "<group>"; };
		266B6B351F3EF63500E2A20D /* SDWebImage.framework */ = {isa = PBXFileReference; lastKnownFileType = wrapper.framework; name = SDWebImage.framework; path = Carthage/Build/iOS/SDWebImage.framework; sourceTree = "<group>"; };
		266B6B3A1F3F39A700E2A20D /* ReposCollectionViewModel.swift */ = {isa = PBXFileReference; fileEncoding = 4; lastKnownFileType = sourcecode.swift; name = ReposCollectionViewModel.swift; path = ViewModels/ReposCollectionViewModel.swift; sourceTree = "<group>"; };
		266B6B3D1F3F39D000E2A20D /* RepoPreviewCellViewModel.swift */ = {isa = PBXFileReference; fileEncoding = 4; lastKnownFileType = sourcecode.swift; name = RepoPreviewCellViewModel.swift; path = ViewModels/RepoPreviewCellViewModel.swift; sourceTree = "<group>"; };
		266B6B401F3F41CA00E2A20D /* RepoDetailViewModel.swift */ = {isa = PBXFileReference; fileEncoding = 4; lastKnownFileType = sourcecode.swift; name = RepoDetailViewModel.swift; path = ViewModels/RepoDetailViewModel.swift; sourceTree = "<group>"; };
		266B6B431F3F42A900E2A20D /* ReposCollectionViewController.swift */ = {isa = PBXFileReference; fileEncoding = 4; lastKnownFileType = sourcecode.swift; name = ReposCollectionViewController.swift; path = ViewControllers/ReposCollectionViewController.swift; sourceTree = "<group>"; };
		266B6B451F3F42C600E2A20D /* RepoDetailCollectionViewController.swift */ = {isa = PBXFileReference; fileEncoding = 4; lastKnownFileType = sourcecode.swift; path = RepoDetailCollectionViewController.swift; sourceTree = "<group>"; };
		266B6B471F405CFB00E2A20D /* CoreCoordinator.swift */ = {isa = PBXFileReference; fileEncoding = 4; lastKnownFileType = sourcecode.swift; name = CoreCoordinator.swift; path = Coordinators/CoreCoordinator.swift; sourceTree = "<group>"; };
		266B6B4A1F405EEF00E2A20D /* Coordinator.swift */ = {isa = PBXFileReference; fileEncoding = 4; lastKnownFileType = sourcecode.swift; name = Coordinator.swift; path = Coordinators/Coordinator.swift; sourceTree = "<group>"; };
		266B6B4C1F40663600E2A20D /* RootContainerViewController.swift */ = {isa = PBXFileReference; fileEncoding = 4; lastKnownFileType = sourcecode.swift; name = RootContainerViewController.swift; path = ViewControllers/RootContainerViewController.swift; sourceTree = "<group>"; };
		266B6B4E1F40684E00E2A20D /* Cartography.framework */ = {isa = PBXFileReference; lastKnownFileType = wrapper.framework; name = Cartography.framework; path = Carthage/Build/iOS/Cartography.framework; sourceTree = "<group>"; };
		266B6B511F40711900E2A20D /* StoryboardInstantiable.swift */ = {isa = PBXFileReference; fileEncoding = 4; lastKnownFileType = sourcecode.swift; name = StoryboardInstantiable.swift; path = ViewControllers/StoryboardInstantiable.swift; sourceTree = "<group>"; };
		266B6B541F40799900E2A20D /* GitHubDataSource.swift */ = {isa = PBXFileReference; fileEncoding = 4; lastKnownFileType = sourcecode.swift; name = GitHubDataSource.swift; path = DataSources/GitHubDataSource.swift; sourceTree = "<group>"; };
		266B6B591F407D2500E2A20D /* Repo.swift */ = {isa = PBXFileReference; fileEncoding = 4; lastKnownFileType = sourcecode.swift; name = Repo.swift; path = Models/Repo.swift; sourceTree = "<group>"; };
		266B6B631F40A6FF00E2A20D /* RepoPreviewCollectionViewCell.swift */ = {isa = PBXFileReference; fileEncoding = 4; lastKnownFileType = sourcecode.swift; name = RepoPreviewCollectionViewCell.swift; path = ViewControllers/Cells/RepoPreviewCollectionViewCell.swift; sourceTree = "<group>"; };
		266B6B641F40A6FF00E2A20D /* RepoPreviewCollectionViewCell.xib */ = {isa = PBXFileReference; fileEncoding = 4; lastKnownFileType = file.xib; name = RepoPreviewCollectionViewCell.xib; path = ViewControllers/Cells/RepoPreviewCollectionViewCell.xib; sourceTree = "<group>"; };
		266B6B671F40A71D00E2A20D /* RepoHeaderCollectionViewCell.swift */ = {isa = PBXFileReference; fileEncoding = 4; lastKnownFileType = sourcecode.swift; name = RepoHeaderCollectionViewCell.swift; path = ViewControllers/Cells/RepoHeaderCollectionViewCell.swift; sourceTree = "<group>"; };
		266B6B681F40A71D00E2A20D /* RepoHeaderCollectionViewCell.xib */ = {isa = PBXFileReference; fileEncoding = 4; lastKnownFileType = file.xib; name = RepoHeaderCollectionViewCell.xib; path = ViewControllers/Cells/RepoHeaderCollectionViewCell.xib; sourceTree = "<group>"; };
		266B6B6D1F40A7F400E2A20D /* RepoSearchCollectionViewCell.swift */ = {isa = PBXFileReference; fileEncoding = 4; lastKnownFileType = sourcecode.swift; name = RepoSearchCollectionViewCell.swift; path = ViewControllers/Cells/RepoSearchCollectionViewCell.swift; sourceTree = "<group>"; };
		266B6B6E1F40A7F400E2A20D /* RepoSearchCollectionViewCell.xib */ = {isa = PBXFileReference; fileEncoding = 4; lastKnownFileType = file.xib; name = RepoSearchCollectionViewCell.xib; path = ViewControllers/Cells/RepoSearchCollectionViewCell.xib; sourceTree = "<group>"; };
		266B6B711F40D85600E2A20D /* Owner.swift */ = {isa = PBXFileReference; fileEncoding = 4; lastKnownFileType = sourcecode.swift; name = Owner.swift; path = Models/Owner.swift; sourceTree = "<group>"; };
		266B6B7B1F40ED2400E2A20D /* ReposCollectionViewModelTests.swift */ = {isa = PBXFileReference; fileEncoding = 4; lastKnownFileType = sourcecode.swift; path = ReposCollectionViewModelTests.swift; sourceTree = "<group>"; };
		266B6B7D1F40EE1900E2A20D /* TestModels.swift */ = {isa = PBXFileReference; fileEncoding = 4; lastKnownFileType = sourcecode.swift; path = TestModels.swift; sourceTree = "<group>"; };
		266B6B841F40F56E00E2A20D /* RepoPreviewCellViewModelTests.swift */ = {isa = PBXFileReference; fileEncoding = 4; lastKnownFileType = sourcecode.swift; path = RepoPreviewCellViewModelTests.swift; sourceTree = "<group>"; };
		266B6B871F41051D00E2A20D /* RepoDetailed.swift */ = {isa = PBXFileReference; fileEncoding = 4; lastKnownFileType = sourcecode.swift; name = RepoDetailed.swift; path = Models/RepoDetailed.swift; sourceTree = "<group>"; };
		266B6B8A1F410F0C00E2A20D /* RepoForkCollectionViewCell.swift */ = {isa = PBXFileReference; fileEncoding = 4; lastKnownFileType = sourcecode.swift; name = RepoForkCollectionViewCell.swift; path = ViewControllers/Cells/RepoForkCollectionViewCell.swift; sourceTree = "<group>"; };
		266B6B8B1F410F0C00E2A20D /* RepoForkCollectionViewCell.xib */ = {isa = PBXFileReference; fileEncoding = 4; lastKnownFileType = file.xib; name = RepoForkCollectionViewCell.xib; path = ViewControllers/Cells/RepoForkCollectionViewCell.xib; sourceTree = "<group>"; };
		266B6B8F1F410F3A00E2A20D /* RepoNameCollectionViewCell.swift */ = {isa = PBXFileReference; fileEncoding = 4; lastKnownFileType = sourcecode.swift; name = RepoNameCollectionViewCell.swift; path = ViewControllers/Cells/RepoNameCollectionViewCell.swift; sourceTree = "<group>"; };
		266B6B901F410F3A00E2A20D /* RepoNameCollectionViewCell.xib */ = {isa = PBXFileReference; fileEncoding = 4; lastKnownFileType = file.xib; name = RepoNameCollectionViewCell.xib; path = ViewControllers/Cells/RepoNameCollectionViewCell.xib; sourceTree = "<group>"; };
		266B6B931F410F5D00E2A20D /* RepoOwnerCollectionViewCell.swift */ = {isa = PBXFileReference; fileEncoding = 4; lastKnownFileType = sourcecode.swift; name = RepoOwnerCollectionViewCell.swift; path = ViewControllers/Cells/RepoOwnerCollectionViewCell.swift; sourceTree = "<group>"; };
		266B6B941F410F5D00E2A20D /* RepoOwnerCollectionViewCell.xib */ = {isa = PBXFileReference; fileEncoding = 4; lastKnownFileType = file.xib; name = RepoOwnerCollectionViewCell.xib; path = ViewControllers/Cells/RepoOwnerCollectionViewCell.xib; sourceTree = "<group>"; };
		266B6B971F410FA300E2A20D /* RepoCountsCollectionViewCell.swift */ = {isa = PBXFileReference; fileEncoding = 4; lastKnownFileType = sourcecode.swift; name = RepoCountsCollectionViewCell.swift; path = ViewControllers/Cells/RepoCountsCollectionViewCell.swift; sourceTree = "<group>"; };
		266B6B981F410FA300E2A20D /* RepoCountsCollectionViewCell.xib */ = {isa = PBXFileReference; fileEncoding = 4; lastKnownFileType = file.xib; name = RepoCountsCollectionViewCell.xib; path = ViewControllers/Cells/RepoCountsCollectionViewCell.xib; sourceTree = "<group>"; };
		266B6B9B1F4116F200E2A20D /* RepoDetailCellViewModel.swift */ = {isa = PBXFileReference; fileEncoding = 4; lastKnownFileType = sourcecode.swift; name = RepoDetailCellViewModel.swift; path = ViewModels/RepoDetailCellViewModel.swift; sourceTree = "<group>"; };
		266B6B9E1F41286900E2A20D /* RepoDetailCellViewModelTests.swift */ = {isa = PBXFileReference; fileEncoding = 4; lastKnownFileType = sourcecode.swift; path = RepoDetailCellViewModelTests.swift; sourceTree = "<group>"; };
		26829D561F49A1C90024BA30 /* Fixture.swift */ = {isa = PBXFileReference; fileEncoding = 4; lastKnownFileType = sourcecode.swift; path = Fixture.swift; sourceTree = "<group>"; };
		26829D581F49A1D90024BA30 /* HTTPStub.swift */ = {isa = PBXFileReference; fileEncoding = 4; lastKnownFileType = sourcecode.swift; path = HTTPStub.swift; sourceTree = "<group>"; };
		26829D631F49D1E80024BA30 /* SwiftCheck.framework */ = {isa = PBXFileReference; lastKnownFileType = wrapper.framework; name = SwiftCheck.framework; path = Carthage/Build/iOS/SwiftCheck.framework; sourceTree = "<group>"; };
		26829D651F49D2930024BA30 /* ModelTests.swift */ = {isa = PBXFileReference; fileEncoding = 4; lastKnownFileType = sourcecode.swift; path = ModelTests.swift; sourceTree = "<group>"; };
		26C3FD721F41DA790021827D /* repositories.json */ = {isa = PBXFileReference; fileEncoding = 4; lastKnownFileType = text.json; name = repositories.json; path = "Test Data/repositories.json"; sourceTree = "<group>"; };
		26C3FD741F41DBA60021827D /* repos-mojombo-grit.json */ = {isa = PBXFileReference; fileEncoding = 4; lastKnownFileType = text.json; name = "repos-mojombo-grit.json"; path = "Test Data/repos-mojombo-grit.json"; sourceTree = "<group>"; };
		26C3FD7C1F4200A10021827D /* GitHubClient.framework */ = {isa = PBXFileReference; explicitFileType = wrapper.framework; includeInIndex = 0; path = GitHubClient.framework; sourceTree = BUILT_PRODUCTS_DIR; };
		26C3FD7E1F4200A10021827D /* GitHubClient.h */ = {isa = PBXFileReference; lastKnownFileType = sourcecode.c.h; path = GitHubClient.h; sourceTree = "<group>"; };
		26C3FD7F1F4200A10021827D /* Info.plist */ = {isa = PBXFileReference; lastKnownFileType = text.plist.xml; path = Info.plist; sourceTree = "<group>"; };
		26C3FD841F4200A10021827D /* GitHubClientTests.xctest */ = {isa = PBXFileReference; explicitFileType = wrapper.cfbundle; includeInIndex = 0; path = GitHubClientTests.xctest; sourceTree = BUILT_PRODUCTS_DIR; };
		26C3FD8B1F4200A10021827D /* GitHubClientTests.swift */ = {isa = PBXFileReference; lastKnownFileType = sourcecode.swift; path = GitHubClientTests.swift; sourceTree = "<group>"; };
		26C3FD8D1F4200A10021827D /* Info.plist */ = {isa = PBXFileReference; lastKnownFileType = text.plist.xml; path = Info.plist; sourceTree = "<group>"; };
		26C3FDA11F421D6C0021827D /* users-mojombo.json */ = {isa = PBXFileReference; fileEncoding = 4; lastKnownFileType = text.json; name = "users-mojombo.json"; path = "Test Data/users-mojombo.json"; sourceTree = "<group>"; };
		26C3FDB91F423A170021827D /* Nimble.framework */ = {isa = PBXFileReference; lastKnownFileType = wrapper.framework; name = Nimble.framework; path = Carthage/Build/iOS/Nimble.framework; sourceTree = "<group>"; };
		26C3FDBA1F423A170021827D /* Quick.framework */ = {isa = PBXFileReference; lastKnownFileType = wrapper.framework; name = Quick.framework; path = Carthage/Build/iOS/Quick.framework; sourceTree = "<group>"; };
		26C3FDC11F4246CC0021827D /* JAMUITestHelper.swift */ = {isa = PBXFileReference; fileEncoding = 4; lastKnownFileType = sourcecode.swift; path = JAMUITestHelper.swift; sourceTree = "<group>"; };
		26C3FDC61F43537B0021827D /* CoordinatorTests.swift */ = {isa = PBXFileReference; fileEncoding = 4; lastKnownFileType = sourcecode.swift; path = CoordinatorTests.swift; sourceTree = "<group>"; };
/* End PBXFileReference section */

/* Begin PBXFrameworksBuildPhase section */
		266B6AFE1F3EF20600E2A20D /* Frameworks */ = {
			isa = PBXFrameworksBuildPhase;
			buildActionMask = 2147483647;
			files = (
				266B6B361F3EF63500E2A20D /* Alamofire.framework in Frameworks */,
				266B6B381F3EF63500E2A20D /* SDWebImage.framework in Frameworks */,
				266B6B4F1F40684E00E2A20D /* Cartography.framework in Frameworks */,
				26C3FD911F4200A10021827D /* GitHubClient.framework in Frameworks */,
			);
			runOnlyForDeploymentPostprocessing = 0;
		};
		266B6B121F3EF20600E2A20D /* Frameworks */ = {
			isa = PBXFrameworksBuildPhase;
			buildActionMask = 2147483647;
			files = (
				26829D5F1F49C3220024BA30 /* GitHubClient.framework in Frameworks */,
				26C3FDBE1F42407B0021827D /* Nimble.framework in Frameworks */,
				26C3FDBF1F42407B0021827D /* Quick.framework in Frameworks */,
			);
			runOnlyForDeploymentPostprocessing = 0;
		};
		266B6B1D1F3EF20600E2A20D /* Frameworks */ = {
			isa = PBXFrameworksBuildPhase;
			buildActionMask = 2147483647;
			files = (
			);
			runOnlyForDeploymentPostprocessing = 0;
		};
		26C3FD781F4200A10021827D /* Frameworks */ = {
			isa = PBXFrameworksBuildPhase;
			buildActionMask = 2147483647;
			files = (
				26C3FD9E1F4201550021827D /* Himotoki.framework in Frameworks */,
				26829D5E1F49C0AA0024BA30 /* Alamofire.framework in Frameworks */,
			);
			runOnlyForDeploymentPostprocessing = 0;
		};
		26C3FD811F4200A10021827D /* Frameworks */ = {
			isa = PBXFrameworksBuildPhase;
			buildActionMask = 2147483647;
			files = (
				26C3FD851F4200A10021827D /* GitHubClient.framework in Frameworks */,
				26C3FDBB1F423A170021827D /* Nimble.framework in Frameworks */,
				26C3FDBC1F423A170021827D /* Quick.framework in Frameworks */,
				26829D5C1F49BE5F0024BA30 /* Alamofire.framework in Frameworks */,
				26829D641F49D1E80024BA30 /* SwiftCheck.framework in Frameworks */,
			);
			runOnlyForDeploymentPostprocessing = 0;
		};
/* End PBXFrameworksBuildPhase section */

/* Begin PBXGroup section */
		266B6AF81F3EF20600E2A20D = {
			isa = PBXGroup;
			children = (
				266B6B031F3EF20600E2A20D /* GitHubBrowser */,
				266B6B181F3EF20600E2A20D /* GitHubBrowserTests */,
				266B6B231F3EF20600E2A20D /* GitHubBrowserUITests */,
				26C3FD7D1F4200A10021827D /* GitHubClient */,
				26C3FD8A1F4200A10021827D /* GitHubClientTests */,
				266B6B021F3EF20600E2A20D /* Products */,
				266B6B321F3EF63400E2A20D /* Frameworks */,
			);
			sourceTree = "<group>";
		};
		266B6B021F3EF20600E2A20D /* Products */ = {
			isa = PBXGroup;
			children = (
				266B6B011F3EF20600E2A20D /* GitHubBrowser.app */,
				266B6B151F3EF20600E2A20D /* GitHubBrowserTests.xctest */,
				266B6B201F3EF20600E2A20D /* GitHubBrowserUITests.xctest */,
				26C3FD7C1F4200A10021827D /* GitHubClient.framework */,
				26C3FD841F4200A10021827D /* GitHubClientTests.xctest */,
			);
			name = Products;
			sourceTree = "<group>";
		};
		266B6B031F3EF20600E2A20D /* GitHubBrowser */ = {
			isa = PBXGroup;
			children = (
				266B6B491F405D0100E2A20D /* Coordinators */,
				266B6B531F4075CA00E2A20D /* Protocols */,
				266B6B421F3F41D400E2A20D /* Views */,
				266B6B3C1F3F39AE00E2A20D /* View Models */,
				266B6B041F3EF20600E2A20D /* AppDelegate.swift */,
				266B6B081F3EF20600E2A20D /* Main.storyboard */,
				266B6B0B1F3EF20600E2A20D /* Assets.xcassets */,
				266B6B0D1F3EF20600E2A20D /* LaunchScreen.storyboard */,
				266B6B101F3EF20600E2A20D /* Info.plist */,
			);
			path = GitHubBrowser;
			sourceTree = "<group>";
		};
		266B6B181F3EF20600E2A20D /* GitHubBrowserTests */ = {
			isa = PBXGroup;
			children = (
				266B6B1B1F3EF20600E2A20D /* Info.plist */,
				266B6B7B1F40ED2400E2A20D /* ReposCollectionViewModelTests.swift */,
				266B6B841F40F56E00E2A20D /* RepoPreviewCellViewModelTests.swift */,
				266B6B9E1F41286900E2A20D /* RepoDetailCellViewModelTests.swift */,
				26C3FDC61F43537B0021827D /* CoordinatorTests.swift */,
			);
			path = GitHubBrowserTests;
			sourceTree = "<group>";
		};
		266B6B231F3EF20600E2A20D /* GitHubBrowserUITests */ = {
			isa = PBXGroup;
			children = (
				266B6B241F3EF20600E2A20D /* GitHubBrowserUITests.swift */,
				266B6B261F3EF20600E2A20D /* Info.plist */,
				26C3FDC11F4246CC0021827D /* JAMUITestHelper.swift */,
			);
			path = GitHubBrowserUITests;
			sourceTree = "<group>";
		};
		266B6B321F3EF63400E2A20D /* Frameworks */ = {
			isa = PBXGroup;
			children = (
				26829D631F49D1E80024BA30 /* SwiftCheck.framework */,
				26C3FDB91F423A170021827D /* Nimble.framework */,
				26C3FDBA1F423A170021827D /* Quick.framework */,
				266B6B4E1F40684E00E2A20D /* Cartography.framework */,
				266B6B331F3EF63500E2A20D /* Alamofire.framework */,
				266B6B341F3EF63500E2A20D /* Himotoki.framework */,
				266B6B351F3EF63500E2A20D /* SDWebImage.framework */,
			);
			name = Frameworks;
			sourceTree = "<group>";
		};
		266B6B3C1F3F39AE00E2A20D /* View Models */ = {
			isa = PBXGroup;
			children = (
				266B6B3F1F3F39D700E2A20D /* Public Repos */,
				266B6B9D1F41184F00E2A20D /* Detailed Repo */,
			);
			name = "View Models";
			sourceTree = "<group>";
		};
		266B6B3F1F3F39D700E2A20D /* Public Repos */ = {
			isa = PBXGroup;
			children = (
				266B6B3A1F3F39A700E2A20D /* ReposCollectionViewModel.swift */,
				266B6B3D1F3F39D000E2A20D /* RepoPreviewCellViewModel.swift */,
			);
			name = "Public Repos";
			sourceTree = "<group>";
		};
		266B6B421F3F41D400E2A20D /* Views */ = {
			isa = PBXGroup;
			children = (
				266B6B861F41039100E2A20D /* ReposCollection */,
				266B6B891F410CC700E2A20D /* RepoDetailCollection */,
				266B6B4C1F40663600E2A20D /* RootContainerViewController.swift */,
			);
			name = Views;
			sourceTree = "<group>";
		};
		266B6B491F405D0100E2A20D /* Coordinators */ = {
			isa = PBXGroup;
			children = (
				266B6B471F405CFB00E2A20D /* CoreCoordinator.swift */,
				266B6B4A1F405EEF00E2A20D /* Coordinator.swift */,
			);
			name = Coordinators;
			sourceTree = "<group>";
		};
		266B6B531F4075CA00E2A20D /* Protocols */ = {
			isa = PBXGroup;
			children = (
				266B6B511F40711900E2A20D /* StoryboardInstantiable.swift */,
			);
			name = Protocols;
			sourceTree = "<group>";
		};
		266B6B561F40799F00E2A20D /* Data Sources */ = {
			isa = PBXGroup;
			children = (
				266B6B541F40799900E2A20D /* GitHubDataSource.swift */,
			);
			name = "Data Sources";
			path = ../GitHubBrowser;
			sourceTree = "<group>";
		};
		266B6B5B1F407D6800E2A20D /* Models */ = {
			isa = PBXGroup;
			children = (
				266B6B591F407D2500E2A20D /* Repo.swift */,
				266B6B711F40D85600E2A20D /* Owner.swift */,
				266B6B871F41051D00E2A20D /* RepoDetailed.swift */,
			);
			name = Models;
			path = ../GitHubBrowser;
			sourceTree = "<group>";
		};
		266B6B621F4092B800E2A20D /* Cells */ = {
			isa = PBXGroup;
			children = (
				266B6B631F40A6FF00E2A20D /* RepoPreviewCollectionViewCell.swift */,
				266B6B641F40A6FF00E2A20D /* RepoPreviewCollectionViewCell.xib */,
				266B6B6D1F40A7F400E2A20D /* RepoSearchCollectionViewCell.swift */,
				266B6B6E1F40A7F400E2A20D /* RepoSearchCollectionViewCell.xib */,
				266B6B671F40A71D00E2A20D /* RepoHeaderCollectionViewCell.swift */,
				266B6B681F40A71D00E2A20D /* RepoHeaderCollectionViewCell.xib */,
			);
			name = Cells;
			sourceTree = "<group>";
		};
		266B6B861F41039100E2A20D /* ReposCollection */ = {
			isa = PBXGroup;
			children = (
				266B6B431F3F42A900E2A20D /* ReposCollectionViewController.swift */,
				266B6B621F4092B800E2A20D /* Cells */,
			);
			name = ReposCollection;
			sourceTree = "<group>";
		};
		266B6B891F410CC700E2A20D /* RepoDetailCollection */ = {
			isa = PBXGroup;
			children = (
				266B6B451F3F42C600E2A20D /* RepoDetailCollectionViewController.swift */,
				266B6B8E1F410F1600E2A20D /* Cells */,
			);
			name = RepoDetailCollection;
			sourceTree = "<group>";
		};
		266B6B8E1F410F1600E2A20D /* Cells */ = {
			isa = PBXGroup;
			children = (
				266B6B8A1F410F0C00E2A20D /* RepoForkCollectionViewCell.swift */,
				266B6B8B1F410F0C00E2A20D /* RepoForkCollectionViewCell.xib */,
				266B6B8F1F410F3A00E2A20D /* RepoNameCollectionViewCell.swift */,
				266B6B901F410F3A00E2A20D /* RepoNameCollectionViewCell.xib */,
				266B6B931F410F5D00E2A20D /* RepoOwnerCollectionViewCell.swift */,
				266B6B941F410F5D00E2A20D /* RepoOwnerCollectionViewCell.xib */,
				266B6B971F410FA300E2A20D /* RepoCountsCollectionViewCell.swift */,
				266B6B981F410FA300E2A20D /* RepoCountsCollectionViewCell.xib */,
			);
			name = Cells;
			sourceTree = "<group>";
		};
		266B6B9D1F41184F00E2A20D /* Detailed Repo */ = {
			isa = PBXGroup;
			children = (
				266B6B401F3F41CA00E2A20D /* RepoDetailViewModel.swift */,
				266B6B9B1F4116F200E2A20D /* RepoDetailCellViewModel.swift */,
			);
			name = "Detailed Repo";
			sourceTree = "<group>";
		};
		26C3FD711F41DA380021827D /* Test Data */ = {
			isa = PBXGroup;
			children = (
				266B6B7D1F40EE1900E2A20D /* TestModels.swift */,
				26C3FD721F41DA790021827D /* repositories.json */,
				26C3FD741F41DBA60021827D /* repos-mojombo-grit.json */,
				26C3FDA11F421D6C0021827D /* users-mojombo.json */,
			);
			name = "Test Data";
			path = ../GitHubBrowserTests;
			sourceTree = "<group>";
		};
		26C3FD7D1F4200A10021827D /* GitHubClient */ = {
			isa = PBXGroup;
			children = (
				266B6B561F40799F00E2A20D /* Data Sources */,
				266B6B5B1F407D6800E2A20D /* Models */,
				26C3FD7E1F4200A10021827D /* GitHubClient.h */,
				26C3FD7F1F4200A10021827D /* Info.plist */,
			);
			path = GitHubClient;
			sourceTree = "<group>";
		};
		26C3FD8A1F4200A10021827D /* GitHubClientTests */ = {
			isa = PBXGroup;
			children = (
				26C3FD711F41DA380021827D /* Test Data */,
				26C3FD8B1F4200A10021827D /* GitHubClientTests.swift */,
				26829D651F49D2930024BA30 /* ModelTests.swift */,
				26C3FD8D1F4200A10021827D /* Info.plist */,
				26829D561F49A1C90024BA30 /* Fixture.swift */,
				26829D581F49A1D90024BA30 /* HTTPStub.swift */,
			);
			path = GitHubClientTests;
			sourceTree = "<group>";
		};
/* End PBXGroup section */

/* Begin PBXHeadersBuildPhase section */
		26C3FD791F4200A10021827D /* Headers */ = {
			isa = PBXHeadersBuildPhase;
			buildActionMask = 2147483647;
			files = (
				26C3FD8E1F4200A10021827D /* GitHubClient.h in Headers */,
			);
			runOnlyForDeploymentPostprocessing = 0;
		};
/* End PBXHeadersBuildPhase section */

/* Begin PBXNativeTarget section */
		266B6B001F3EF20600E2A20D /* GitHubBrowser */ = {
			isa = PBXNativeTarget;
			buildConfigurationList = 266B6B291F3EF20600E2A20D /* Build configuration list for PBXNativeTarget "GitHubBrowser" */;
			buildPhases = (
				266B6AFD1F3EF20600E2A20D /* Sources */,
				266B6AFE1F3EF20600E2A20D /* Frameworks */,
				266B6AFF1F3EF20600E2A20D /* Resources */,
				266B6B391F3EF66D00E2A20D /* ShellScript */,
				26C3FD961F4200A10021827D /* Embed Frameworks */,
			);
			buildRules = (
			);
			dependencies = (
				26C3FD901F4200A10021827D /* PBXTargetDependency */,
			);
			name = GitHubBrowser;
			productName = GitHubBrowser;
			productReference = 266B6B011F3EF20600E2A20D /* GitHubBrowser.app */;
			productType = "com.apple.product-type.application";
		};
		266B6B141F3EF20600E2A20D /* GitHubBrowserTests */ = {
			isa = PBXNativeTarget;
			buildConfigurationList = 266B6B2C1F3EF20600E2A20D /* Build configuration list for PBXNativeTarget "GitHubBrowserTests" */;
			buildPhases = (
				266B6B111F3EF20600E2A20D /* Sources */,
				266B6B121F3EF20600E2A20D /* Frameworks */,
				266B6B131F3EF20600E2A20D /* Resources */,
				266B6B7F1F40F20400E2A20D /* CopyFiles */,
				26C3FDC01F4240830021827D /* ShellScript */,
			);
			buildRules = (
			);
			dependencies = (
				26829D611F49C6140024BA30 /* PBXTargetDependency */,
				266B6B171F3EF20600E2A20D /* PBXTargetDependency */,
			);
			name = GitHubBrowserTests;
			productName = GitHubBrowserTests;
			productReference = 266B6B151F3EF20600E2A20D /* GitHubBrowserTests.xctest */;
			productType = "com.apple.product-type.bundle.unit-test";
		};
		266B6B1F1F3EF20600E2A20D /* GitHubBrowserUITests */ = {
			isa = PBXNativeTarget;
			buildConfigurationList = 266B6B2F1F3EF20600E2A20D /* Build configuration list for PBXNativeTarget "GitHubBrowserUITests" */;
			buildPhases = (
				266B6B1C1F3EF20600E2A20D /* Sources */,
				266B6B1D1F3EF20600E2A20D /* Frameworks */,
				266B6B1E1F3EF20600E2A20D /* Resources */,
			);
			buildRules = (
			);
			dependencies = (
				266B6B221F3EF20600E2A20D /* PBXTargetDependency */,
			);
			name = GitHubBrowserUITests;
			productName = GitHubBrowserUITests;
			productReference = 266B6B201F3EF20600E2A20D /* GitHubBrowserUITests.xctest */;
			productType = "com.apple.product-type.bundle.ui-testing";
		};
		26C3FD7B1F4200A10021827D /* GitHubClient */ = {
			isa = PBXNativeTarget;
			buildConfigurationList = 26C3FD931F4200A10021827D /* Build configuration list for PBXNativeTarget "GitHubClient" */;
			buildPhases = (
				26C3FD771F4200A10021827D /* Sources */,
				26C3FD781F4200A10021827D /* Frameworks */,
				26C3FD791F4200A10021827D /* Headers */,
				26C3FD7A1F4200A10021827D /* Resources */,
				26C3FDA01F4201810021827D /* ShellScript */,
			);
			buildRules = (
			);
			dependencies = (
			);
			name = GitHubClient;
			productName = GitHubClient;
			productReference = 26C3FD7C1F4200A10021827D /* GitHubClient.framework */;
			productType = "com.apple.product-type.framework";
		};
		26C3FD831F4200A10021827D /* GitHubClientTests */ = {
			isa = PBXNativeTarget;
			buildConfigurationList = 26C3FD971F4200A10021827D /* Build configuration list for PBXNativeTarget "GitHubClientTests" */;
			buildPhases = (
				26C3FD801F4200A10021827D /* Sources */,
				26C3FD811F4200A10021827D /* Frameworks */,
				26C3FD821F4200A10021827D /* Resources */,
				26C3FDAC1F4228900021827D /* CopyFiles */,
				26C3FDBD1F423A240021827D /* ShellScript */,
			);
			buildRules = (
			);
			dependencies = (
				26C3FD871F4200A10021827D /* PBXTargetDependency */,
				26C3FD891F4200A10021827D /* PBXTargetDependency */,
			);
			name = GitHubClientTests;
			productName = GitHubClientTests;
			productReference = 26C3FD841F4200A10021827D /* GitHubClientTests.xctest */;
			productType = "com.apple.product-type.bundle.unit-test";
		};
/* End PBXNativeTarget section */

/* Begin PBXProject section */
		266B6AF91F3EF20600E2A20D /* Project object */ = {
			isa = PBXProject;
			attributes = {
				LastSwiftUpdateCheck = 0830;
				LastUpgradeCheck = 0830;
				ORGANIZATIONNAME = Boddeus;
				TargetAttributes = {
					266B6B001F3EF20600E2A20D = {
						CreatedOnToolsVersion = 8.3.3;
						DevelopmentTeam = 64UY78D655;
						ProvisioningStyle = Automatic;
					};
					266B6B141F3EF20600E2A20D = {
						CreatedOnToolsVersion = 8.3.3;
						DevelopmentTeam = 64UY78D655;
						ProvisioningStyle = Automatic;
						TestTargetID = 266B6B001F3EF20600E2A20D;
					};
					266B6B1F1F3EF20600E2A20D = {
						CreatedOnToolsVersion = 8.3.3;
						DevelopmentTeam = 64UY78D655;
						ProvisioningStyle = Automatic;
						TestTargetID = 266B6B001F3EF20600E2A20D;
					};
					26C3FD7B1F4200A10021827D = {
						CreatedOnToolsVersion = 8.3.3;
						DevelopmentTeam = 64UY78D655;
						ProvisioningStyle = Automatic;
					};
					26C3FD831F4200A10021827D = {
						CreatedOnToolsVersion = 8.3.3;
						DevelopmentTeam = 64UY78D655;
						ProvisioningStyle = Automatic;
						TestTargetID = 266B6B001F3EF20600E2A20D;
					};
				};
			};
			buildConfigurationList = 266B6AFC1F3EF20600E2A20D /* Build configuration list for PBXProject "GitHubBrowser" */;
			compatibilityVersion = "Xcode 3.2";
			developmentRegion = English;
			hasScannedForEncodings = 0;
			knownRegions = (
				en,
				Base,
			);
			mainGroup = 266B6AF81F3EF20600E2A20D;
			productRefGroup = 266B6B021F3EF20600E2A20D /* Products */;
			projectDirPath = "";
			projectRoot = "";
			targets = (
				266B6B001F3EF20600E2A20D /* GitHubBrowser */,
				266B6B141F3EF20600E2A20D /* GitHubBrowserTests */,
				266B6B1F1F3EF20600E2A20D /* GitHubBrowserUITests */,
				26C3FD7B1F4200A10021827D /* GitHubClient */,
				26C3FD831F4200A10021827D /* GitHubClientTests */,
			);
		};
/* End PBXProject section */

/* Begin PBXResourcesBuildPhase section */
		266B6AFF1F3EF20600E2A20D /* Resources */ = {
			isa = PBXResourcesBuildPhase;
			buildActionMask = 2147483647;
			files = (
				266B6B6A1F40A71D00E2A20D /* RepoHeaderCollectionViewCell.xib in Resources */,
				266B6B0F1F3EF20600E2A20D /* LaunchScreen.storyboard in Resources */,
				266B6B661F40A6FF00E2A20D /* RepoPreviewCollectionViewCell.xib in Resources */,
				266B6B961F410F5D00E2A20D /* RepoOwnerCollectionViewCell.xib in Resources */,
				266B6B9A1F410FA300E2A20D /* RepoCountsCollectionViewCell.xib in Resources */,
				266B6B0C1F3EF20600E2A20D /* Assets.xcassets in Resources */,
				266B6B701F40A7F400E2A20D /* RepoSearchCollectionViewCell.xib in Resources */,
				266B6B921F410F3A00E2A20D /* RepoNameCollectionViewCell.xib in Resources */,
				266B6B0A1F3EF20600E2A20D /* Main.storyboard in Resources */,
				266B6B8D1F410F0C00E2A20D /* RepoForkCollectionViewCell.xib in Resources */,
			);
			runOnlyForDeploymentPostprocessing = 0;
		};
		266B6B131F3EF20600E2A20D /* Resources */ = {
			isa = PBXResourcesBuildPhase;
			buildActionMask = 2147483647;
			files = (
				26829D621F49CA760024BA30 /* GitHubClient.framework in Resources */,
				26C3FDA21F421D6C0021827D /* users-mojombo.json in Resources */,
				26C3FD751F41DBA60021827D /* repos-mojombo-grit.json in Resources */,
				26C3FD731F41DA790021827D /* repositories.json in Resources */,
			);
			runOnlyForDeploymentPostprocessing = 0;
		};
		266B6B1E1F3EF20600E2A20D /* Resources */ = {
			isa = PBXResourcesBuildPhase;
			buildActionMask = 2147483647;
			files = (
			);
			runOnlyForDeploymentPostprocessing = 0;
		};
		26C3FD7A1F4200A10021827D /* Resources */ = {
			isa = PBXResourcesBuildPhase;
			buildActionMask = 2147483647;
			files = (
			);
			runOnlyForDeploymentPostprocessing = 0;
		};
		26C3FD821F4200A10021827D /* Resources */ = {
			isa = PBXResourcesBuildPhase;
			buildActionMask = 2147483647;
			files = (
				26C3FDA91F42288A0021827D /* repositories.json in Resources */,
				26C3FDAA1F42288B0021827D /* repos-mojombo-grit.json in Resources */,
				26C3FDAB1F42288B0021827D /* users-mojombo.json in Resources */,
			);
			runOnlyForDeploymentPostprocessing = 0;
		};
/* End PBXResourcesBuildPhase section */

/* Begin PBXShellScriptBuildPhase section */
		266B6B391F3EF66D00E2A20D /* ShellScript */ = {
			isa = PBXShellScriptBuildPhase;
			buildActionMask = 2147483647;
			files = (
			);
			inputPaths = (
				"$(SRCROOT)/Carthage/Build/iOS/Alamofire.framework",
				"$(SRCROOT)/Carthage/Build/iOS/SDWebImage.framework",
				"$(SRCROOT)/Carthage/Build/iOS/Cartography.framework",
			);
			outputPaths = (
				"$(BUILT_PRODUCTS_DIR)/$(FRAMEWORKS_FOLDER_PATH)/Alamofire.framework",
				"$(BUILT_PRODUCTS_DIR)/$(FRAMEWORKS_FOLDER_PATH)/SDWebImage.framework",
				"$(BUILT_PRODUCTS_DIR)/$(FRAMEWORKS_FOLDER_PATH)/Cartography.framework",
			);
			runOnlyForDeploymentPostprocessing = 0;
			shellPath = /bin/sh;
			shellScript = "/usr/local/bin/carthage copy-frameworks\n";
		};
		26C3FDA01F4201810021827D /* ShellScript */ = {
			isa = PBXShellScriptBuildPhase;
			buildActionMask = 2147483647;
			files = (
			);
			inputPaths = (
				"$(SRCROOT)/Carthage/Build/iOS/Himotoki.framework",
				"$(SRCROOT)/Carthage/Build/iOS/Alamofire.framework",
			);
			outputPaths = (
				"$(BUILT_PRODUCTS_DIR)/$(FRAMEWORKS_FOLDER_PATH)/Himotoki.framework",
				"$(BUILT_PRODUCTS_DIR)/$(FRAMEWORKS_FOLDER_PATH)/Alamofire.framework",
			);
			runOnlyForDeploymentPostprocessing = 0;
			shellPath = /bin/sh;
			shellScript = "/usr/local/bin/carthage copy-frameworks\n";
		};
		26C3FDBD1F423A240021827D /* ShellScript */ = {
			isa = PBXShellScriptBuildPhase;
			buildActionMask = 2147483647;
			files = (
			);
			inputPaths = (
				"$(SRCROOT)/Carthage/Build/iOS/Nimble.framework",
				"$(SRCROOT)/Carthage/Build/iOS/Quick.framework",
				"$(SRCROOT)/Carthage/Build/iOS/Alamofire.framework",
				"$(SRCROOT)/Carthage/Build/iOS/SwiftCheck.framework",
			);
			outputPaths = (
			);
			runOnlyForDeploymentPostprocessing = 0;
			shellPath = /bin/sh;
			shellScript = "/usr/local/bin/carthage copy-frameworks\n";
		};
		26C3FDC01F4240830021827D /* ShellScript */ = {
			isa = PBXShellScriptBuildPhase;
			buildActionMask = 2147483647;
			files = (
			);
			inputPaths = (
				"$(SRCROOT)/Carthage/Build/iOS/Nimble.framework",
				"$(SRCROOT)/Carthage/Build/iOS/Quick.framework",
			);
			outputPaths = (
			);
			runOnlyForDeploymentPostprocessing = 0;
			shellPath = /bin/sh;
			shellScript = "/usr/local/bin/carthage copy-frameworks\n";
		};
/* End PBXShellScriptBuildPhase section */

/* Begin PBXSourcesBuildPhase section */
		266B6AFD1F3EF20600E2A20D /* Sources */ = {
			isa = PBXSourcesBuildPhase;
			buildActionMask = 2147483647;
			files = (
				266B6B8C1F410F0C00E2A20D /* RepoForkCollectionViewCell.swift in Sources */,
				266B6B4B1F405EEF00E2A20D /* Coordinator.swift in Sources */,
				266B6B481F405CFB00E2A20D /* CoreCoordinator.swift in Sources */,
				266B6B521F40711900E2A20D /* StoryboardInstantiable.swift in Sources */,
				266B6B911F410F3A00E2A20D /* RepoNameCollectionViewCell.swift in Sources */,
				266B6B3B1F3F39A700E2A20D /* ReposCollectionViewModel.swift in Sources */,
				266B6B951F410F5D00E2A20D /* RepoOwnerCollectionViewCell.swift in Sources */,
				266B6B411F3F41CA00E2A20D /* RepoDetailViewModel.swift in Sources */,
				266B6B4D1F40663600E2A20D /* RootContainerViewController.swift in Sources */,
				266B6B991F410FA300E2A20D /* RepoCountsCollectionViewCell.swift in Sources */,
				266B6B651F40A6FF00E2A20D /* RepoPreviewCollectionViewCell.swift in Sources */,
				266B6B461F3F42C600E2A20D /* RepoDetailCollectionViewController.swift in Sources */,
				266B6B691F40A71D00E2A20D /* RepoHeaderCollectionViewCell.swift in Sources */,
				266B6B6F1F40A7F400E2A20D /* RepoSearchCollectionViewCell.swift in Sources */,
				266B6B3E1F3F39D000E2A20D /* RepoPreviewCellViewModel.swift in Sources */,
				266B6B441F3F42A900E2A20D /* ReposCollectionViewController.swift in Sources */,
				266B6B051F3EF20600E2A20D /* AppDelegate.swift in Sources */,
				266B6B9C1F4116F200E2A20D /* RepoDetailCellViewModel.swift in Sources */,
			);
			runOnlyForDeploymentPostprocessing = 0;
		};
		266B6B111F3EF20600E2A20D /* Sources */ = {
			isa = PBXSourcesBuildPhase;
			buildActionMask = 2147483647;
			files = (
				266B6B7C1F40ED2400E2A20D /* ReposCollectionViewModelTests.swift in Sources */,
				26C3FDC71F43537B0021827D /* CoordinatorTests.swift in Sources */,
				266B6B9F1F41286900E2A20D /* RepoDetailCellViewModelTests.swift in Sources */,
				266B6B7E1F40EE1900E2A20D /* TestModels.swift in Sources */,
				266B6B851F40F56E00E2A20D /* RepoPreviewCellViewModelTests.swift in Sources */,
			);
			runOnlyForDeploymentPostprocessing = 0;
		};
		266B6B1C1F3EF20600E2A20D /* Sources */ = {
			isa = PBXSourcesBuildPhase;
			buildActionMask = 2147483647;
			files = (
				26C3FDC21F4246CC0021827D /* JAMUITestHelper.swift in Sources */,
				266B6B251F3EF20600E2A20D /* GitHubBrowserUITests.swift in Sources */,
			);
			runOnlyForDeploymentPostprocessing = 0;
		};
		26C3FD771F4200A10021827D /* Sources */ = {
			isa = PBXSourcesBuildPhase;
			buildActionMask = 2147483647;
			files = (
				26C3FD9A1F4200D90021827D /* Repo.swift in Sources */,
				26C3FD9C1F4200E10021827D /* RepoDetailed.swift in Sources */,
				26C3FD9B1F4200DE0021827D /* Owner.swift in Sources */,
				26C3FD9D1F4200E60021827D /* GitHubDataSource.swift in Sources */,
			);
			runOnlyForDeploymentPostprocessing = 0;
		};
		26C3FD801F4200A10021827D /* Sources */ = {
			isa = PBXSourcesBuildPhase;
			buildActionMask = 2147483647;
			files = (
				26C3FD8C1F4200A10021827D /* GitHubClientTests.swift in Sources */,
				26829D571F49A1C90024BA30 /* Fixture.swift in Sources */,
				26829D591F49A1D90024BA30 /* HTTPStub.swift in Sources */,
				26829D661F49D2930024BA30 /* ModelTests.swift in Sources */,
			);
			runOnlyForDeploymentPostprocessing = 0;
		};
/* End PBXSourcesBuildPhase section */

/* Begin PBXTargetDependency section */
		266B6B171F3EF20600E2A20D /* PBXTargetDependency */ = {
			isa = PBXTargetDependency;
			target = 266B6B001F3EF20600E2A20D /* GitHubBrowser */;
			targetProxy = 266B6B161F3EF20600E2A20D /* PBXContainerItemProxy */;
		};
		266B6B221F3EF20600E2A20D /* PBXTargetDependency */ = {
			isa = PBXTargetDependency;
			target = 266B6B001F3EF20600E2A20D /* GitHubBrowser */;
			targetProxy = 266B6B211F3EF20600E2A20D /* PBXContainerItemProxy */;
		};
		26829D611F49C6140024BA30 /* PBXTargetDependency */ = {
			isa = PBXTargetDependency;
			target = 26C3FD7B1F4200A10021827D /* GitHubClient */;
			targetProxy = 26829D601F49C6140024BA30 /* PBXContainerItemProxy */;
		};
		26C3FD871F4200A10021827D /* PBXTargetDependency */ = {
			isa = PBXTargetDependency;
			target = 26C3FD7B1F4200A10021827D /* GitHubClient */;
			targetProxy = 26C3FD861F4200A10021827D /* PBXContainerItemProxy */;
		};
		26C3FD891F4200A10021827D /* PBXTargetDependency */ = {
			isa = PBXTargetDependency;
			target = 266B6B001F3EF20600E2A20D /* GitHubBrowser */;
			targetProxy = 26C3FD881F4200A10021827D /* PBXContainerItemProxy */;
		};
		26C3FD901F4200A10021827D /* PBXTargetDependency */ = {
			isa = PBXTargetDependency;
			target = 26C3FD7B1F4200A10021827D /* GitHubClient */;
			targetProxy = 26C3FD8F1F4200A10021827D /* PBXContainerItemProxy */;
		};
/* End PBXTargetDependency section */

/* Begin PBXVariantGroup section */
		266B6B081F3EF20600E2A20D /* Main.storyboard */ = {
			isa = PBXVariantGroup;
			children = (
				266B6B091F3EF20600E2A20D /* Base */,
			);
			name = Main.storyboard;
			sourceTree = "<group>";
		};
		266B6B0D1F3EF20600E2A20D /* LaunchScreen.storyboard */ = {
			isa = PBXVariantGroup;
			children = (
				266B6B0E1F3EF20600E2A20D /* Base */,
			);
			name = LaunchScreen.storyboard;
			sourceTree = "<group>";
		};
/* End PBXVariantGroup section */

/* Begin XCBuildConfiguration section */
		266B6B271F3EF20600E2A20D /* Debug */ = {
			isa = XCBuildConfiguration;
			buildSettings = {
				ALWAYS_SEARCH_USER_PATHS = NO;
				CLANG_ANALYZER_NONNULL = YES;
				CLANG_ANALYZER_NUMBER_OBJECT_CONVERSION = YES_AGGRESSIVE;
				CLANG_CXX_LANGUAGE_STANDARD = "gnu++0x";
				CLANG_CXX_LIBRARY = "libc++";
				CLANG_ENABLE_MODULES = YES;
				CLANG_ENABLE_OBJC_ARC = YES;
				CLANG_WARN_BOOL_CONVERSION = YES;
				CLANG_WARN_CONSTANT_CONVERSION = YES;
				CLANG_WARN_DIRECT_OBJC_ISA_USAGE = YES_ERROR;
				CLANG_WARN_DOCUMENTATION_COMMENTS = YES;
				CLANG_WARN_EMPTY_BODY = YES;
				CLANG_WARN_ENUM_CONVERSION = YES;
				CLANG_WARN_INFINITE_RECURSION = YES;
				CLANG_WARN_INT_CONVERSION = YES;
				CLANG_WARN_OBJC_ROOT_CLASS = YES_ERROR;
				CLANG_WARN_SUSPICIOUS_MOVE = YES;
				CLANG_WARN_UNREACHABLE_CODE = YES;
				CLANG_WARN__DUPLICATE_METHOD_MATCH = YES;
				"CODE_SIGN_IDENTITY[sdk=iphoneos*]" = "iPhone Developer";
				COPY_PHASE_STRIP = NO;
				DEBUG_INFORMATION_FORMAT = dwarf;
				ENABLE_STRICT_OBJC_MSGSEND = YES;
				ENABLE_TESTABILITY = YES;
				GCC_C_LANGUAGE_STANDARD = gnu99;
				GCC_DYNAMIC_NO_PIC = NO;
				GCC_NO_COMMON_BLOCKS = YES;
				GCC_OPTIMIZATION_LEVEL = 0;
				GCC_PREPROCESSOR_DEFINITIONS = (
					"DEBUG=1",
					"$(inherited)",
				);
				GCC_WARN_64_TO_32_BIT_CONVERSION = YES;
				GCC_WARN_ABOUT_RETURN_TYPE = YES_ERROR;
				GCC_WARN_UNDECLARED_SELECTOR = YES;
				GCC_WARN_UNINITIALIZED_AUTOS = YES_AGGRESSIVE;
				GCC_WARN_UNUSED_FUNCTION = YES;
				GCC_WARN_UNUSED_VARIABLE = YES;
				IPHONEOS_DEPLOYMENT_TARGET = 10.3;
				MTL_ENABLE_DEBUG_INFO = YES;
				ONLY_ACTIVE_ARCH = YES;
				SDKROOT = iphoneos;
				SWIFT_ACTIVE_COMPILATION_CONDITIONS = DEBUG;
				SWIFT_OPTIMIZATION_LEVEL = "-Onone";
				TARGETED_DEVICE_FAMILY = "1,2";
			};
			name = Debug;
		};
		266B6B281F3EF20600E2A20D /* Release */ = {
			isa = XCBuildConfiguration;
			buildSettings = {
				ALWAYS_SEARCH_USER_PATHS = NO;
				CLANG_ANALYZER_NONNULL = YES;
				CLANG_ANALYZER_NUMBER_OBJECT_CONVERSION = YES_AGGRESSIVE;
				CLANG_CXX_LANGUAGE_STANDARD = "gnu++0x";
				CLANG_CXX_LIBRARY = "libc++";
				CLANG_ENABLE_MODULES = YES;
				CLANG_ENABLE_OBJC_ARC = YES;
				CLANG_WARN_BOOL_CONVERSION = YES;
				CLANG_WARN_CONSTANT_CONVERSION = YES;
				CLANG_WARN_DIRECT_OBJC_ISA_USAGE = YES_ERROR;
				CLANG_WARN_DOCUMENTATION_COMMENTS = YES;
				CLANG_WARN_EMPTY_BODY = YES;
				CLANG_WARN_ENUM_CONVERSION = YES;
				CLANG_WARN_INFINITE_RECURSION = YES;
				CLANG_WARN_INT_CONVERSION = YES;
				CLANG_WARN_OBJC_ROOT_CLASS = YES_ERROR;
				CLANG_WARN_SUSPICIOUS_MOVE = YES;
				CLANG_WARN_UNREACHABLE_CODE = YES;
				CLANG_WARN__DUPLICATE_METHOD_MATCH = YES;
				"CODE_SIGN_IDENTITY[sdk=iphoneos*]" = "iPhone Developer";
				COPY_PHASE_STRIP = NO;
				DEBUG_INFORMATION_FORMAT = "dwarf-with-dsym";
				ENABLE_NS_ASSERTIONS = NO;
				ENABLE_STRICT_OBJC_MSGSEND = YES;
				GCC_C_LANGUAGE_STANDARD = gnu99;
				GCC_NO_COMMON_BLOCKS = YES;
				GCC_WARN_64_TO_32_BIT_CONVERSION = YES;
				GCC_WARN_ABOUT_RETURN_TYPE = YES_ERROR;
				GCC_WARN_UNDECLARED_SELECTOR = YES;
				GCC_WARN_UNINITIALIZED_AUTOS = YES_AGGRESSIVE;
				GCC_WARN_UNUSED_FUNCTION = YES;
				GCC_WARN_UNUSED_VARIABLE = YES;
				IPHONEOS_DEPLOYMENT_TARGET = 10.3;
				MTL_ENABLE_DEBUG_INFO = NO;
				SDKROOT = iphoneos;
				SWIFT_OPTIMIZATION_LEVEL = "-Owholemodule";
				TARGETED_DEVICE_FAMILY = "1,2";
				VALIDATE_PRODUCT = YES;
			};
			name = Release;
		};
		266B6B2A1F3EF20600E2A20D /* Debug */ = {
			isa = XCBuildConfiguration;
			buildSettings = {
				ALWAYS_EMBED_SWIFT_STANDARD_LIBRARIES = YES;
				ASSETCATALOG_COMPILER_APPICON_NAME = AppIcon;
				DEVELOPMENT_TEAM = 64UY78D655;
				FRAMEWORK_SEARCH_PATHS = (
					"$(inherited)",
					"$(PROJECT_DIR)/Carthage/Build/iOS",
				);
				INFOPLIST_FILE = GitHubBrowser/Info.plist;
				LD_RUNPATH_SEARCH_PATHS = "$(inherited) @executable_path/Frameworks";
				PRODUCT_BUNDLE_IDENTIFIER = boddeus.GitHubBrowser;
				PRODUCT_NAME = "$(TARGET_NAME)";
				SWIFT_VERSION = 3.0;
			};
			name = Debug;
		};
		266B6B2B1F3EF20600E2A20D /* Release */ = {
			isa = XCBuildConfiguration;
			buildSettings = {
				ALWAYS_EMBED_SWIFT_STANDARD_LIBRARIES = YES;
				ASSETCATALOG_COMPILER_APPICON_NAME = AppIcon;
				DEVELOPMENT_TEAM = 64UY78D655;
				FRAMEWORK_SEARCH_PATHS = (
					"$(inherited)",
					"$(PROJECT_DIR)/Carthage/Build/iOS",
				);
				INFOPLIST_FILE = GitHubBrowser/Info.plist;
				LD_RUNPATH_SEARCH_PATHS = "$(inherited) @executable_path/Frameworks";
				PRODUCT_BUNDLE_IDENTIFIER = boddeus.GitHubBrowser;
				PRODUCT_NAME = "$(TARGET_NAME)";
				SWIFT_VERSION = 3.0;
			};
			name = Release;
		};
		266B6B2D1F3EF20600E2A20D /* Debug */ = {
			isa = XCBuildConfiguration;
			buildSettings = {
				ALWAYS_EMBED_SWIFT_STANDARD_LIBRARIES = YES;
				BUNDLE_LOADER = "$(TEST_HOST)";
				DEVELOPMENT_TEAM = 64UY78D655;
				FRAMEWORK_SEARCH_PATHS = (
					"$(inherited)",
					"$(PROJECT_DIR)/Carthage/Build/iOS",
				);
				INFOPLIST_FILE = GitHubBrowserTests/Info.plist;
				LD_RUNPATH_SEARCH_PATHS = "$(inherited) @executable_path/Frameworks @loader_path/Frameworks";
				PRODUCT_BUNDLE_IDENTIFIER = boddeus.GitHubBrowserTests;
				PRODUCT_NAME = "$(TARGET_NAME)";
				SWIFT_VERSION = 3.0;
				TEST_HOST = "$(BUILT_PRODUCTS_DIR)/GitHubBrowser.app/GitHubBrowser";
			};
			name = Debug;
		};
		266B6B2E1F3EF20600E2A20D /* Release */ = {
			isa = XCBuildConfiguration;
			buildSettings = {
				ALWAYS_EMBED_SWIFT_STANDARD_LIBRARIES = YES;
				BUNDLE_LOADER = "$(TEST_HOST)";
				DEVELOPMENT_TEAM = 64UY78D655;
				FRAMEWORK_SEARCH_PATHS = (
					"$(inherited)",
					"$(PROJECT_DIR)/Carthage/Build/iOS",
				);
				INFOPLIST_FILE = GitHubBrowserTests/Info.plist;
				LD_RUNPATH_SEARCH_PATHS = "$(inherited) @executable_path/Frameworks @loader_path/Frameworks";
				PRODUCT_BUNDLE_IDENTIFIER = boddeus.GitHubBrowserTests;
				PRODUCT_NAME = "$(TARGET_NAME)";
				SWIFT_VERSION = 3.0;
				TEST_HOST = "$(BUILT_PRODUCTS_DIR)/GitHubBrowser.app/GitHubBrowser";
			};
			name = Release;
		};
		266B6B301F3EF20600E2A20D /* Debug */ = {
			isa = XCBuildConfiguration;
			buildSettings = {
				ALWAYS_EMBED_SWIFT_STANDARD_LIBRARIES = YES;
				DEVELOPMENT_TEAM = 64UY78D655;
				INFOPLIST_FILE = GitHubBrowserUITests/Info.plist;
				LD_RUNPATH_SEARCH_PATHS = "$(inherited) @executable_path/Frameworks @loader_path/Frameworks";
				PRODUCT_BUNDLE_IDENTIFIER = boddeus.GitHubBrowserUITests;
				PRODUCT_NAME = "$(TARGET_NAME)";
				SWIFT_VERSION = 3.0;
				TEST_TARGET_NAME = GitHubBrowser;
			};
			name = Debug;
		};
		266B6B311F3EF20600E2A20D /* Release */ = {
			isa = XCBuildConfiguration;
			buildSettings = {
				ALWAYS_EMBED_SWIFT_STANDARD_LIBRARIES = YES;
				DEVELOPMENT_TEAM = 64UY78D655;
				INFOPLIST_FILE = GitHubBrowserUITests/Info.plist;
				LD_RUNPATH_SEARCH_PATHS = "$(inherited) @executable_path/Frameworks @loader_path/Frameworks";
				PRODUCT_BUNDLE_IDENTIFIER = boddeus.GitHubBrowserUITests;
				PRODUCT_NAME = "$(TARGET_NAME)";
				SWIFT_VERSION = 3.0;
				TEST_TARGET_NAME = GitHubBrowser;
			};
			name = Release;
		};
		26C3FD941F4200A10021827D /* Debug */ = {
			isa = XCBuildConfiguration;
			buildSettings = {
				CODE_SIGN_IDENTITY = "";
				CURRENT_PROJECT_VERSION = 1;
				DEFINES_MODULE = YES;
				DEVELOPMENT_TEAM = 64UY78D655;
				DYLIB_COMPATIBILITY_VERSION = 1;
				DYLIB_CURRENT_VERSION = 1;
				DYLIB_INSTALL_NAME_BASE = "@rpath";
				FRAMEWORK_SEARCH_PATHS = (
					"$(inherited)",
					"$(PROJECT_DIR)/Carthage/Build/iOS",
				);
				INFOPLIST_FILE = GitHubClient/Info.plist;
				INSTALL_PATH = "$(LOCAL_LIBRARY_DIR)/Frameworks";
				LD_RUNPATH_SEARCH_PATHS = "$(inherited) @executable_path/Frameworks @loader_path/Frameworks";
				PRODUCT_BUNDLE_IDENTIFIER = boddeus.GitHubClient;
				PRODUCT_NAME = "$(TARGET_NAME)";
				SKIP_INSTALL = YES;
				SWIFT_VERSION = 3.0;
				VERSIONING_SYSTEM = "apple-generic";
				VERSION_INFO_PREFIX = "";
			};
			name = Debug;
		};
		26C3FD951F4200A10021827D /* Release */ = {
			isa = XCBuildConfiguration;
			buildSettings = {
				CODE_SIGN_IDENTITY = "";
				CURRENT_PROJECT_VERSION = 1;
				DEFINES_MODULE = YES;
				DEVELOPMENT_TEAM = 64UY78D655;
				DYLIB_COMPATIBILITY_VERSION = 1;
				DYLIB_CURRENT_VERSION = 1;
				DYLIB_INSTALL_NAME_BASE = "@rpath";
				FRAMEWORK_SEARCH_PATHS = (
					"$(inherited)",
					"$(PROJECT_DIR)/Carthage/Build/iOS",
				);
				INFOPLIST_FILE = GitHubClient/Info.plist;
				INSTALL_PATH = "$(LOCAL_LIBRARY_DIR)/Frameworks";
				LD_RUNPATH_SEARCH_PATHS = "$(inherited) @executable_path/Frameworks @loader_path/Frameworks";
				PRODUCT_BUNDLE_IDENTIFIER = boddeus.GitHubClient;
				PRODUCT_NAME = "$(TARGET_NAME)";
				SKIP_INSTALL = YES;
				SWIFT_VERSION = 3.0;
				VERSIONING_SYSTEM = "apple-generic";
				VERSION_INFO_PREFIX = "";
			};
			name = Release;
		};
		26C3FD981F4200A10021827D /* Debug */ = {
			isa = XCBuildConfiguration;
			buildSettings = {
				ALWAYS_EMBED_SWIFT_STANDARD_LIBRARIES = YES;
				DEVELOPMENT_TEAM = 64UY78D655;
				FRAMEWORK_SEARCH_PATHS = (
					"$(inherited)",
					"$(PROJECT_DIR)/Carthage/Build/iOS",
				);
				INFOPLIST_FILE = GitHubClientTests/Info.plist;
				LD_RUNPATH_SEARCH_PATHS = "$(inherited) @executable_path/Frameworks @loader_path/Frameworks";
				PRODUCT_BUNDLE_IDENTIFIER = boddeus.GitHubClientTests;
				PRODUCT_NAME = "$(TARGET_NAME)";
				SWIFT_VERSION = 3.0;
				TEST_HOST = "$(BUILT_PRODUCTS_DIR)/GitHubBrowser.app/GitHubBrowser";
			};
			name = Debug;
		};
		26C3FD991F4200A10021827D /* Release */ = {
			isa = XCBuildConfiguration;
			buildSettings = {
				ALWAYS_EMBED_SWIFT_STANDARD_LIBRARIES = YES;
				DEVELOPMENT_TEAM = 64UY78D655;
				FRAMEWORK_SEARCH_PATHS = (
					"$(inherited)",
					"$(PROJECT_DIR)/Carthage/Build/iOS",
				);
				INFOPLIST_FILE = GitHubClientTests/Info.plist;
				LD_RUNPATH_SEARCH_PATHS = "$(inherited) @executable_path/Frameworks @loader_path/Frameworks";
				PRODUCT_BUNDLE_IDENTIFIER = boddeus.GitHubClientTests;
				PRODUCT_NAME = "$(TARGET_NAME)";
				SWIFT_VERSION = 3.0;
				TEST_HOST = "$(BUILT_PRODUCTS_DIR)/GitHubBrowser.app/GitHubBrowser";
			};
			name = Release;
		};
/* End XCBuildConfiguration section */

/* Begin XCConfigurationList section */
		266B6AFC1F3EF20600E2A20D /* Build configuration list for PBXProject "GitHubBrowser" */ = {
			isa = XCConfigurationList;
			buildConfigurations = (
				266B6B271F3EF20600E2A20D /* Debug */,
				266B6B281F3EF20600E2A20D /* Release */,
			);
			defaultConfigurationIsVisible = 0;
			defaultConfigurationName = Release;
		};
		266B6B291F3EF20600E2A20D /* Build configuration list for PBXNativeTarget "GitHubBrowser" */ = {
			isa = XCConfigurationList;
			buildConfigurations = (
				266B6B2A1F3EF20600E2A20D /* Debug */,
				266B6B2B1F3EF20600E2A20D /* Release */,
			);
			defaultConfigurationIsVisible = 0;
			defaultConfigurationName = Release;
		};
		266B6B2C1F3EF20600E2A20D /* Build configuration list for PBXNativeTarget "GitHubBrowserTests" */ = {
			isa = XCConfigurationList;
			buildConfigurations = (
				266B6B2D1F3EF20600E2A20D /* Debug */,
				266B6B2E1F3EF20600E2A20D /* Release */,
			);
			defaultConfigurationIsVisible = 0;
			defaultConfigurationName = Release;
		};
		266B6B2F1F3EF20600E2A20D /* Build configuration list for PBXNativeTarget "GitHubBrowserUITests" */ = {
			isa = XCConfigurationList;
			buildConfigurations = (
				266B6B301F3EF20600E2A20D /* Debug */,
				266B6B311F3EF20600E2A20D /* Release */,
			);
			defaultConfigurationIsVisible = 0;
			defaultConfigurationName = Release;
		};
		26C3FD931F4200A10021827D /* Build configuration list for PBXNativeTarget "GitHubClient" */ = {
			isa = XCConfigurationList;
			buildConfigurations = (
				26C3FD941F4200A10021827D /* Debug */,
				26C3FD951F4200A10021827D /* Release */,
			);
			defaultConfigurationIsVisible = 0;
			defaultConfigurationName = Release;
		};
		26C3FD971F4200A10021827D /* Build configuration list for PBXNativeTarget "GitHubClientTests" */ = {
			isa = XCConfigurationList;
			buildConfigurations = (
				26C3FD981F4200A10021827D /* Debug */,
				26C3FD991F4200A10021827D /* Release */,
			);
			defaultConfigurationIsVisible = 0;
			defaultConfigurationName = Release;
		};
/* End XCConfigurationList section */
	};
	rootObject = 266B6AF91F3EF20600E2A20D /* Project object */;
}
